
Microsoft Visual Studio Solution File, Format Version 12.00
# Visual Studio 2017
Project("{FAE04EC0-301F-11D3-BF4B-00C04F79EFBC}") = "Unicam.AgentSimulator", "Unicam.AgentSimulator.csproj", "{32D51E5F-91FC-DEC0-6836-B7CB61809624}"
EndProject
Project("{FAE04EC0-301F-11D3-BF4B-00C04F79EFBC}") = "Unicam.AgentSimulator.dll", "..\Unicam.AgentSimulator.dll\Unicam.AgentSimulator.dll.csproj", "{8E10010C-9404-4990-8C12-6485FBC4CFEB}"
EndProject
Global
	GlobalSection(SolutionConfigurationPlatforms) = preSolution
		Debug|Any CPU = Debug|Any CPU
		Release|Any CPU = Release|Any CPU
	EndGlobalSection
	GlobalSection(ProjectConfigurationPlatforms) = postSolution
		{32D51E5F-91FC-DEC0-6836-B7CB61809624}.Debug|Any CPU.ActiveCfg = Debug|Any CPU
		{32D51E5F-91FC-DEC0-6836-B7CB61809624}.Debug|Any CPU.Build.0 = Debug|Any CPU
		{32D51E5F-91FC-DEC0-6836-B7CB61809624}.Release|Any CPU.ActiveCfg = Release|Any CPU
		{32D51E5F-91FC-DEC0-6836-B7CB61809624}.Release|Any CPU.Build.0 = Release|Any CPU
		{8E10010C-9404-4990-8C12-6485FBC4CFEB}.Debug|Any CPU.ActiveCfg = Debug|Any CPU
		{8E10010C-9404-4990-8C12-6485FBC4CFEB}.Debug|Any CPU.Build.0 = Debug|Any CPU
		{8E10010C-9404-4990-8C12-6485FBC4CFEB}.Release|Any CPU.ActiveCfg = Release|Any CPU
		{8E10010C-9404-4990-8C12-6485FBC4CFEB}.Release|Any CPU.Build.0 = Release|Any CPU
	EndGlobalSection
	GlobalSection(SolutionProperties) = preSolution
		HideSolutionNode = FALSE
	EndGlobalSection
EndGlobal
